
Microsoft Visual Studio Solution File, Format Version 12.00
# Visual Studio Version 17
VisualStudioVersion = 17.3.32929.385
MinimumVisualStudioVersion = 10.0.40219.1
Project("{FAE04EC0-301F-11D3-BF4B-00C04F79EFBC}") = "TcBuild", "TcBuild\TcBuild.csproj", "{49803413-8FD7-4A03-B51E-64AB80F8208B}"
EndProject
Project("{FAE04EC0-301F-11D3-BF4B-00C04F79EFBC}") = "TcBuildTest", "TcBuildTest\TcBuildTest.csproj", "{F20A489A-1619-41D9-A9FA-3547DCEF2BC1}"
EndProject
Project("{2150E333-8FDC-42A3-9474-1A3956D46DE8}") = "Solution Items", "Solution Items", "{8FB12AE8-29E5-46DA-BD2E-B94D1A366F31}"
	ProjectSection(SolutionItems) = preProject
		LICENSE = LICENSE
		README.md = README.md
	EndProjectSection
EndProject
Global
	GlobalSection(SolutionConfigurationPlatforms) = preSolution
		Debug|Any CPU = Debug|Any CPU
		Release|Any CPU = Release|Any CPU
	EndGlobalSection
	GlobalSection(ProjectConfigurationPlatforms) = postSolution
		{49803413-8FD7-4A03-B51E-64AB80F8208B}.Debug|Any CPU.ActiveCfg = Debug|Any CPU
		{49803413-8FD7-4A03-B51E-64AB80F8208B}.Debug|Any CPU.Build.0 = Debug|Any CPU
		{49803413-8FD7-4A03-B51E-64AB80F8208B}.Release|Any CPU.ActiveCfg = Release|Any CPU
		{49803413-8FD7-4A03-B51E-64AB80F8208B}.Release|Any CPU.Build.0 = Release|Any CPU
		{F20A489A-1619-41D9-A9FA-3547DCEF2BC1}.Debug|Any CPU.ActiveCfg = Debug|Any CPU
		{F20A489A-1619-41D9-A9FA-3547DCEF2BC1}.Debug|Any CPU.Build.0 = Debug|Any CPU
		{F20A489A-1619-41D9-A9FA-3547DCEF2BC1}.Release|Any CPU.ActiveCfg = Release|Any CPU
		{F20A489A-1619-41D9-A9FA-3547DCEF2BC1}.Release|Any CPU.Build.0 = Release|Any CPU
	EndGlobalSection
	GlobalSection(SolutionProperties) = preSolution
		HideSolutionNode = FALSE
	EndGlobalSection
	GlobalSection(ExtensibilityGlobals) = postSolution
		SolutionGuid = {E56639AB-7148-4A16-B7BB-D4BE734221C4}
	EndGlobalSection
EndGlobal
