
Microsoft Visual Studio Solution File, Format Version 12.00
# Visual Studio Version 17
VisualStudioVersion = 17.3.32929.385
MinimumVisualStudioVersion = 10.0.40219.1
Project("{FAE04EC0-301F-11D3-BF4B-00C04F79EFBC}") = "TcBuild", "TcBuild.csproj", "{8DAAFEBD-B42E-4079-96A0-BDB94743264C}"
EndProject
Global
	GlobalSection(SolutionConfigurationPlatforms) = preSolution
		Debug|Any CPU = Debug|Any CPU
		Release|Any CPU = Release|Any CPU
	EndGlobalSection
	GlobalSection(ProjectConfigurationPlatforms) = postSolution
		{8DAAFEBD-B42E-4079-96A0-BDB94743264C}.Debug|Any CPU.ActiveCfg = Debug|Any CPU
		{8DAAFEBD-B42E-4079-96A0-BDB94743264C}.Debug|Any CPU.Build.0 = Debug|Any CPU
		{8DAAFEBD-B42E-4079-96A0-BDB94743264C}.Release|Any CPU.ActiveCfg = Release|Any CPU
		{8DAAFEBD-B42E-4079-96A0-BDB94743264C}.Release|Any CPU.Build.0 = Release|Any CPU
	EndGlobalSection
	GlobalSection(SolutionProperties) = preSolution
		HideSolutionNode = FALSE
	EndGlobalSection
	GlobalSection(ExtensibilityGlobals) = postSolution
		SolutionGuid = {D2049B06-B273-4FD4-9934-A6EA62D2CECA}
	EndGlobalSection
EndGlobal
